{
  "version": 4,
  "terraform_version": "1.6.6",
  "serial": 12,
  "lineage": "7e90a653-a127-8a92-a5bd-155b7a79ce5d",
  "outputs": {},
  "resources": [
    {
      "mode": "data",
      "type": "aws_ami",
      "name": "ubuntu",
      "provider": "provider[\"registry.terraform.io/hashicorp/aws\"]",
      "instances": [
        {
          "schema_version": 0,
          "attributes": {
            "architecture": "x86_64",
            "arn": "arn:aws:ec2:ap-south-1::image/ami-0461b1436c9b3c1a3",
            "block_device_mappings": [
              {
                "device_name": "/dev/sda1",
                "ebs": {
                  "delete_on_termination": "true",
                  "encrypted": "false",
                  "iops": "0",
                  "snapshot_id": "snap-06a306ca51ccf322f",
                  "throughput": "0",
                  "volume_size": "8",
                  "volume_type": "gp2"
                },
                "no_device": "",
                "virtual_name": ""
              },
              {
                "device_name": "/dev/sdb",
                "ebs": {},
                "no_device": "",
                "virtual_name": "ephemeral0"
              },
              {
                "device_name": "/dev/sdc",
                "ebs": {},
                "no_device": "",
                "virtual_name": "ephemeral1"
              }
            ],
            "boot_mode": "legacy-bios",
            "creation_date": "2023-12-08T23:21:24.000Z",
            "deprecation_time": "2025-12-08T23:21:24.000Z",
            "description": "Canonical, Ubuntu, 20.04 LTS, amd64 focal image build on 2023-12-08",
            "ena_support": true,
            "executable_users": null,
            "filter": [
              {
                "name": "name",
                "values": [
                  "ubuntu/images/hvm-ssd/ubuntu-focal-20.04-amd64-server-*"
                ]
              },
              {
                "name": "virtualization-type",
                "values": [
                  "hvm"
                ]
              }
            ],
            "hypervisor": "xen",
            "id": "ami-0461b1436c9b3c1a3",
            "image_id": "ami-0461b1436c9b3c1a3",
            "image_location": "amazon/ubuntu/images/hvm-ssd/ubuntu-focal-20.04-amd64-server-20231208",
            "image_owner_alias": "amazon",
            "image_type": "machine",
            "imds_support": "",
            "include_deprecated": false,
            "kernel_id": "",
            "most_recent": true,
            "name": "ubuntu/images/hvm-ssd/ubuntu-focal-20.04-amd64-server-20231208",
            "name_regex": null,
            "owner_id": "099720109477",
            "owners": [
              "099720109477"
            ],
            "platform": "",
            "platform_details": "Linux/UNIX",
            "product_codes": [],
            "public": true,
            "ramdisk_id": "",
            "root_device_name": "/dev/sda1",
            "root_device_type": "ebs",
            "root_snapshot_id": "snap-06a306ca51ccf322f",
            "sriov_net_support": "simple",
            "state": "available",
            "state_reason": {
              "code": "UNSET",
              "message": "UNSET"
            },
            "tags": {},
            "timeouts": null,
            "tpm_support": "",
            "usage_operation": "RunInstances",
            "virtualization_type": "hvm"
          },
          "sensitive_attributes": []
        }
      ]
    },
    {
      "mode": "managed",
      "type": "aws_instance",
      "name": "web",
      "provider": "provider[\"registry.terraform.io/hashicorp/aws\"]",
      "instances": [
        {
          "schema_version": 1,
          "attributes": {
            "ami": "ami-0461b1436c9b3c1a3",
            "arn": "arn:aws:ec2:ap-south-1:474539751889:instance/i-028e10388f4a9c79f",
            "associate_public_ip_address": true,
            "availability_zone": "ap-south-1b",
            "capacity_reservation_specification": [
              {
                "capacity_reservation_preference": "open",
                "capacity_reservation_target": []
              }
            ],
            "cpu_core_count": 1,
            "cpu_options": [
              {
                "amd_sev_snp": "",
                "core_count": 1,
                "threads_per_core": 2
              }
            ],
            "cpu_threads_per_core": 2,
            "credit_specification": [
              {
                "cpu_credits": "unlimited"
              }
            ],
            "disable_api_stop": false,
            "disable_api_termination": false,
            "ebs_block_device": [],
            "ebs_optimized": false,
            "enclave_options": [
              {
                "enabled": false
              }
            ],
            "ephemeral_block_device": [],
            "get_password_data": false,
            "hibernation": false,
            "host_id": "",
            "host_resource_group_arn": null,
            "iam_instance_profile": "",
            "id": "i-028e10388f4a9c79f",
            "instance_initiated_shutdown_behavior": "stop",
            "instance_lifecycle": "",
            "instance_market_options": [],
            "instance_state": "running",
            "instance_type": "t3.micro",
            "ipv6_address_count": 0,
            "ipv6_addresses": [],
            "key_name": "",
            "launch_template": [],
            "maintenance_options": [
              {
                "auto_recovery": "default"
              }
            ],
            "metadata_options": [
              {
                "http_endpoint": "enabled",
                "http_protocol_ipv6": "disabled",
                "http_put_response_hop_limit": 1,
                "http_tokens": "optional",
                "instance_metadata_tags": "disabled"
              }
            ],
            "monitoring": false,
            "network_interface": [],
            "outpost_arn": "",
            "password_data": "",
            "placement_group": "",
            "placement_partition_number": 0,
            "primary_network_interface_id": "eni-03a6a4b25170902e8",
            "private_dns": "ip-172-31-7-181.ap-south-1.compute.internal",
            "private_dns_name_options": [
              {
                "enable_resource_name_dns_a_record": false,
                "enable_resource_name_dns_aaaa_record": false,
                "hostname_type": "ip-name"
              }
            ],
            "private_ip": "172.31.7.181",
            "public_dns": "ec2-65-2-142-102.ap-south-1.compute.amazonaws.com",
            "public_ip": "65.2.142.102",
            "root_block_device": [
              {
                "delete_on_termination": true,
                "device_name": "/dev/sda1",
                "encrypted": false,
                "iops": 100,
                "kms_key_id": "",
                "tags": {},
                "throughput": 0,
                "volume_id": "vol-09ecd4a88723ed7ef",
                "volume_size": 8,
                "volume_type": "gp2"
              }
            ],
            "secondary_private_ips": [],
            "security_groups": [
              "default"
            ],
            "source_dest_check": true,
            "spot_instance_request_id": "",
            "subnet_id": "subnet-00f5f2f3cf602d73a",
            "tags": {
              "Name": "HelloWorld"
            },
            "tags_all": {
              "Name": "HelloWorld"
            },
            "tenancy": "default",
            "timeouts": null,
            "user_data": null,
            "user_data_base64": null,
            "user_data_replace_on_change": false,
            "volume_tags": null,
            "vpc_security_group_ids": [
              "sg-0dfdbe4e031d8eb7a"
            ]
          },
          "sensitive_attributes": [],
          "private": "eyJlMmJmYjczMC1lY2FhLTExZTYtOGY4OC0zNDM2M2JjN2M0YzAiOnsiY3JlYXRlIjo2MDAwMDAwMDAwMDAsImRlbGV0ZSI6MTIwMDAwMDAwMDAwMCwidXBkYXRlIjo2MDAwMDAwMDAwMDB9LCJzY2hlbWFfdmVyc2lvbiI6IjEifQ==",
          "dependencies": [
            "data.aws_ami.ubuntu"
          ]
        }
      ]
    },
    {
      "mode": "managed",
      "type": "local_file",
      "name": "hello_local_file",
      "provider": "provider[\"registry.terraform.io/hashicorp/local\"]",
      "instances": [
        {
          "schema_version": 0,
          "attributes": {
            "content": "Hello world from terraform !! second apply",
            "content_base64": null,
            "content_base64sha256": "jYZg28jhBs7M4YUyi0DLNbLf9g0LdHxnE7SiwL0jB2A=",
            "content_base64sha512": "sfoHqWj4vSdVnsznh8XWdy85GDwxVlx8x/qRnnM/Kgtz/BNhIqxi0yKaCEukBX67oUeuWMvlVxzRC4Ncsuy82w==",
            "content_md5": "08c1fca695d6bf99be6963c74b986908",
            "content_sha1": "8fbb62345055ad0a8300a81ef873ab044fa4337f",
            "content_sha256": "8d8660dbc8e106cecce185328b40cb35b2dff60d0b747c6713b4a2c0bd230760",
            "content_sha512": "b1fa07a968f8bd27559ecce787c5d6772f39183c31565c7cc7fa919e733f2a0b73fc136122ac62d3229a084ba4057ebba147ae58cbe5571cd10b835cb2ecbcdb",
            "directory_permission": "0777",
            "file_permission": "0777",
            "filename": "./hello_file.txt",
            "id": "8fbb62345055ad0a8300a81ef873ab044fa4337f",
            "sensitive_content": null,
            "source": null
          },
          "sensitive_attributes": []
        }
      ]
    },
    {
      "mode": "managed",
      "type": "local_file",
      "name": "terraform_commands",
      "provider": "provider[\"registry.terraform.io/hashicorp/local\"]",
      "instances": [
        {
          "schema_version": 0,
          "attributes": {
            "content": "  # Terraform Initialization\nterraform init\n\n# Create an Execution Plan\nterraform plan\n\n# Apply Changes\nterraform apply\n\n# Destroy Resources\nterraform destroy\n\n# Show Resource Outputs\nterraform show\n\n# List Resources\nterraform state list\n\n# Import Existing Infrastructure\nterraform import \u003cresource_type\u003e.\u003cresource_name\u003e \u003cexisting_id\u003e\n\n# Validate Configuration\nterraform validate\n\n# Output Values\nterraform output\n\n# Terraform Console\nterraform console\n\n# Terraform Refresh\nterraform refresh\n\n# Terraform Graph\nterraform graph | dot -Tpng \u003e graph.png\n\n# List AWS Resources in the State\nterraform state list\n\n# Show Resource Attributes\nterraform state show \u003cresource_type\u003e.\u003cresource_name\u003e\n\n# Force Unlock State\nterraform force-unlock \u003clock-id\u003e\n\n# Clean Up Local State and Backends\nterraform state rm \u003cresource_type\u003e.\u003cresource_name\u003e\n\n# Format Terraform Code\nterraform fmt\n\n# Initialize and Upgrade Providers\nterraform init -upgrade\n\n# Enable Detailed Logging\nexport TF_LOG=DEBUG\n\n",
            "content_base64": null,
            "content_base64sha256": "8AnizbVdfsrm9jU9Q/xwy1rcQDaZSIlEqNDw/W0Yn5o=",
            "content_base64sha512": "kHB602SOnCmugtmKYeTQoc29VBs3PpgJXl+ZoNLJYeA0wvZ73jdU1mzaE2BCZZ6oeq55D2em4QxA5K+Zeo1Zmg==",
            "content_md5": "165755da5011295e1a6a31cd09d44891",
            "content_sha1": "be10c31ec3dbf5c1ff072650be59f8baf64010a5",
            "content_sha256": "f009e2cdb55d7ecae6f6353d43fc70cb5adc403699488944a8d0f0fd6d189f9a",
            "content_sha512": "90707ad3648e9c29ae82d98a61e4d0a1cdbd541b373e98095e5f99a0d2c961e034c2f67bde3754d66cda136042659ea87aae790f67a6e10c40e4af997a8d599a",
            "directory_permission": "0777",
            "file_permission": "0777",
            "filename": "./cheatsheet.txt",
            "id": "be10c31ec3dbf5c1ff072650be59f8baf64010a5",
            "sensitive_content": null,
            "source": null
          },
          "sensitive_attributes": []
        }
      ]
    }
  ],
  "check_results": null
}
